
Microsoft Visual Studio Solution File, Format Version 12.00
# Visual Studio Version 16
VisualStudioVersion = 16.0.31424.327
MinimumVisualStudioVersion = 10.0.40219.1
Project("{FAE04EC0-301F-11D3-BF4B-00C04F79EFBC}") = "TurismoVS", "TurismoVS\TurismoVS.csproj", "{FC8809D9-FAAE-4D9B-9214-AEA6964500D8}"
EndProject
Global
	GlobalSection(SolutionConfigurationPlatforms) = preSolution
		Debug|Any CPU = Debug|Any CPU
		Release|Any CPU = Release|Any CPU
	EndGlobalSection
	GlobalSection(ProjectConfigurationPlatforms) = postSolution
		{FC8809D9-FAAE-4D9B-9214-AEA6964500D8}.Debug|Any CPU.ActiveCfg = Debug|Any CPU
		{FC8809D9-FAAE-4D9B-9214-AEA6964500D8}.Debug|Any CPU.Build.0 = Debug|Any CPU
		{FC8809D9-FAAE-4D9B-9214-AEA6964500D8}.Release|Any CPU.ActiveCfg = Release|Any CPU
		{FC8809D9-FAAE-4D9B-9214-AEA6964500D8}.Release|Any CPU.Build.0 = Release|Any CPU
	EndGlobalSection
	GlobalSection(SolutionProperties) = preSolution
		HideSolutionNode = FALSE
	EndGlobalSection
	GlobalSection(ExtensibilityGlobals) = postSolution
		SolutionGuid = {DCA5D0DF-4378-41B2-B3EF-2E868A713C22}
	EndGlobalSection
EndGlobal
